
Microsoft Visual Studio Solution File, Format Version 12.00
# Visual Studio 15
VisualStudioVersion = 15.0.26430.6
MinimumVisualStudioVersion = 10.0.40219.1
Project("{2150E333-8FDC-42A3-9474-1A3956D46DE8}") = "src", "src", "{A7F3C3A3-C6BE-4C71-BA3B-ED0564797119}"
EndProject
Project("{FAE04EC0-301F-11D3-BF4B-00C04F79EFBC}") = "Coursework", "src\Coursework\Coursework.csproj", "{2AD6CAA8-E737-4F18-AC84-092A4BD45A54}"
EndProject
Global
	GlobalSection(SolutionConfigurationPlatforms) = preSolution
		Debug|Any CPU = Debug|Any CPU
		Release|Any CPU = Release|Any CPU
	EndGlobalSection
	GlobalSection(ProjectConfigurationPlatforms) = postSolution
		{2AD6CAA8-E737-4F18-AC84-092A4BD45A54}.Debug|Any CPU.ActiveCfg = Debug|Any CPU
		{2AD6CAA8-E737-4F18-AC84-092A4BD45A54}.Debug|Any CPU.Build.0 = Debug|Any CPU
		{2AD6CAA8-E737-4F18-AC84-092A4BD45A54}.Release|Any CPU.ActiveCfg = Release|Any CPU
		{2AD6CAA8-E737-4F18-AC84-092A4BD45A54}.Release|Any CPU.Build.0 = Release|Any CPU
	EndGlobalSection
	GlobalSection(SolutionProperties) = preSolution
		HideSolutionNode = FALSE
	EndGlobalSection
	GlobalSection(NestedProjects) = preSolution
		{2AD6CAA8-E737-4F18-AC84-092A4BD45A54} = {A7F3C3A3-C6BE-4C71-BA3B-ED0564797119}
	EndGlobalSection
EndGlobal
